// !$*UTF8*$!
{
	archiveVersion = 1;
	classes = {
	};
	objectVersion = 56;
	objects = {

/* Begin PBXBuildFile section */
		4D0A8DC52ADBB38D00EFDF9D /* SmartFMApp.swift in Sources */ = {isa = PBXBuildFile; fileRef = 4D0A8DC42ADBB38D00EFDF9D /* SmartFMApp.swift */; };
		4D0A8DC72ADBB38D00EFDF9D /* ContentView.swift in Sources */ = {isa = PBXBuildFile; fileRef = 4D0A8DC62ADBB38D00EFDF9D /* ContentView.swift */; };
		4D0A8DC92ADBB38F00EFDF9D /* Assets.xcassets in Resources */ = {isa = PBXBuildFile; fileRef = 4D0A8DC82ADBB38F00EFDF9D /* Assets.xcassets */; };
		4D0A8DCC2ADBB38F00EFDF9D /* Preview Assets.xcassets in Resources */ = {isa = PBXBuildFile; fileRef = 4D0A8DCB2ADBB38F00EFDF9D /* Preview Assets.xcassets */; };
		FE516B13C72DFE9DD6277CAF /* Pods_SmartFM.framework in Frameworks */ = {isa = PBXBuildFile; fileRef = 0661CCA1269F7DD26A1EB46F /* Pods_SmartFM.framework */; };
/* End PBXBuildFile section */

/* Begin PBXFileReference section */
		0661CCA1269F7DD26A1EB46F /* Pods_SmartFM.framework */ = {isa = PBXFileReference; explicitFileType = wrapper.framework; includeInIndex = 0; path = Pods_SmartFM.framework; sourceTree = BUILT_PRODUCTS_DIR; };
		3A48B5FD2D92190C5C741986 /* Pods-SmartFM.debug.xcconfig */ = {isa = PBXFileReference; includeInIndex = 1; lastKnownFileType = text.xcconfig; name = "Pods-SmartFM.debug.xcconfig"; path = "Target Support Files/Pods-SmartFM/Pods-SmartFM.debug.xcconfig"; sourceTree = "<group>"; };
		4D0A8DC12ADBB38D00EFDF9D /* SmartFM.app */ = {isa = PBXFileReference; explicitFileType = wrapper.application; includeInIndex = 0; path = SmartFM.app; sourceTree = BUILT_PRODUCTS_DIR; };
		4D0A8DC42ADBB38D00EFDF9D /* SmartFMApp.swift */ = {isa = PBXFileReference; lastKnownFileType = sourcecode.swift; path = SmartFMApp.swift; sourceTree = "<group>"; };
		4D0A8DC62ADBB38D00EFDF9D /* ContentView.swift */ = {isa = PBXFileReference; lastKnownFileType = sourcecode.swift; path = ContentView.swift; sourceTree = "<group>"; };
		4D0A8DC82ADBB38F00EFDF9D /* Assets.xcassets */ = {isa = PBXFileReference; lastKnownFileType = folder.assetcatalog; path = Assets.xcassets; sourceTree = "<group>"; };
		4D0A8DCB2ADBB38F00EFDF9D /* Preview Assets.xcassets */ = {isa = PBXFileReference; lastKnownFileType = folder.assetcatalog; path = "Preview Assets.xcassets"; sourceTree = "<group>"; };
		5B1537FBF3BD4829D9262AA8 /* Pods-SmartFM.release.xcconfig */ = {isa = PBXFileReference; includeInIndex = 1; lastKnownFileType = text.xcconfig; name = "Pods-SmartFM.release.xcconfig"; path = "Target Support Files/Pods-SmartFM/Pods-SmartFM.release.xcconfig"; sourceTree = "<group>"; };
/* End PBXFileReference section */

/* Begin PBXFrameworksBuildPhase section */
		4D0A8DBE2ADBB38D00EFDF9D /* Frameworks */ = {
			isa = PBXFrameworksBuildPhase;
			buildActionMask = 2147483647;
			files = (
				FE516B13C72DFE9DD6277CAF /* Pods_SmartFM.framework in Frameworks */,
			);
			runOnlyForDeploymentPostprocessing = 0;
		};
/* End PBXFrameworksBuildPhase section */

/* Begin PBXGroup section */
		4D0A8DB82ADBB38D00EFDF9D = {
			isa = PBXGroup;
			children = (
				4D0A8DC32ADBB38D00EFDF9D /* SmartFM */,
				4D0A8DC22ADBB38D00EFDF9D /* Products */,
				EF87196F2D97D637B0463D2E /* Pods */,
				BBFC431ADD94ABF3FBDB1E7A /* Frameworks */,
			);
			sourceTree = "<group>";
		};
		4D0A8DC22ADBB38D00EFDF9D /* Products */ = {
			isa = PBXGroup;
			children = (
				4D0A8DC12ADBB38D00EFDF9D /* SmartFM.app */,
			);
			name = Products;
			sourceTree = "<group>";
		};
		4D0A8DC32ADBB38D00EFDF9D /* SmartFM */ = {
			isa = PBXGroup;
			children = (
				4D0A8DC42ADBB38D00EFDF9D /* SmartFMApp.swift */,
				4D0A8DC62ADBB38D00EFDF9D /* ContentView.swift */,
				4D0A8DC82ADBB38F00EFDF9D /* Assets.xcassets */,
				4D0A8DCA2ADBB38F00EFDF9D /* Preview Content */,
			);
			path = SmartFM;
			sourceTree = "<group>";
		};
		4D0A8DCA2ADBB38F00EFDF9D /* Preview Content */ = {
			isa = PBXGroup;
			children = (
				4D0A8DCB2ADBB38F00EFDF9D /* Preview Assets.xcassets */,
			);
			path = "Preview Content";
			sourceTree = "<group>";
		};
		BBFC431ADD94ABF3FBDB1E7A /* Frameworks */ = {
			isa = PBXGroup;
			children = (
				0661CCA1269F7DD26A1EB46F /* Pods_SmartFM.framework */,
			);
			name = Frameworks;
			sourceTree = "<group>";
		};
		EF87196F2D97D637B0463D2E /* Pods */ = {
			isa = PBXGroup;
			children = (
				3A48B5FD2D92190C5C741986 /* Pods-SmartFM.debug.xcconfig */,
				5B1537FBF3BD4829D9262AA8 /* Pods-SmartFM.release.xcconfig */,
			);
			name = Pods;
			path = Pods;
			sourceTree = "<group>";
		};
/* End PBXGroup section */

/* Begin PBXNativeTarget section */
		4D0A8DC02ADBB38D00EFDF9D /* SmartFM */ = {
			isa = PBXNativeTarget;
			buildConfigurationList = 4D0A8DCF2ADBB38F00EFDF9D /* Build configuration list for PBXNativeTarget "SmartFM" */;
			buildPhases = (
				B0845079259582BE337E9A5F /* [CP] Check Pods Manifest.lock */,
				4D0A8DBD2ADBB38D00EFDF9D /* Sources */,
				4D0A8DBE2ADBB38D00EFDF9D /* Frameworks */,
				4D0A8DBF2ADBB38D00EFDF9D /* Resources */,
				0FA966E2DA6D4EAA4BF9E2B9 /* [CP] Copy Pods Resources */,
			);
			buildRules = (
			);
			dependencies = (
			);
			name = SmartFM;
			productName = SmartFM;
			productReference = 4D0A8DC12ADBB38D00EFDF9D /* SmartFM.app */;
			productType = "com.apple.product-type.application";
		};
/* End PBXNativeTarget section */

/* Begin PBXProject section */
		4D0A8DB92ADBB38D00EFDF9D /* Project object */ = {
			isa = PBXProject;
			attributes = {
				BuildIndependentTargetsInParallel = 1;
				LastSwiftUpdateCheck = 1500;
				LastUpgradeCheck = 1500;
				TargetAttributes = {
					4D0A8DC02ADBB38D00EFDF9D = {
						CreatedOnToolsVersion = 15.0;
					};
				};
			};
			buildConfigurationList = 4D0A8DBC2ADBB38D00EFDF9D /* Build configuration list for PBXProject "SmartFM" */;
			compatibilityVersion = "Xcode 14.0";
			developmentRegion = en;
			hasScannedForEncodings = 0;
			knownRegions = (
				en,
				Base,
			);
			mainGroup = 4D0A8DB82ADBB38D00EFDF9D;
			productRefGroup = 4D0A8DC22ADBB38D00EFDF9D /* Products */;
			projectDirPath = "";
			projectRoot = "";
			targets = (
				4D0A8DC02ADBB38D00EFDF9D /* SmartFM */,
			);
		};
/* End PBXProject section */

/* Begin PBXResourcesBuildPhase section */
		4D0A8DBF2ADBB38D00EFDF9D /* Resources */ = {
			isa = PBXResourcesBuildPhase;
			buildActionMask = 2147483647;
			files = (
				4D0A8DCC2ADBB38F00EFDF9D /* Preview Assets.xcassets in Resources */,
				4D0A8DC92ADBB38F00EFDF9D /* Assets.xcassets in Resources */,
			);
			runOnlyForDeploymentPostprocessing = 0;
		};
/* End PBXResourcesBuildPhase section */

/* Begin PBXShellScriptBuildPhase section */
		0FA966E2DA6D4EAA4BF9E2B9 /* [CP] Copy Pods Resources */ = {
			isa = PBXShellScriptBuildPhase;
			buildActionMask = 2147483647;
			files = (
			);
			inputFileListPaths = (
				"${PODS_ROOT}/Target Support Files/Pods-SmartFM/Pods-SmartFM-resources-${CONFIGURATION}-input-files.xcfilelist",
			);
			name = "[CP] Copy Pods Resources";
			outputFileListPaths = (
				"${PODS_ROOT}/Target Support Files/Pods-SmartFM/Pods-SmartFM-resources-${CONFIGURATION}-output-files.xcfilelist",
			);
			runOnlyForDeploymentPostprocessing = 0;
			shellPath = /bin/sh;
			shellScript = "\"${PODS_ROOT}/Target Support Files/Pods-SmartFM/Pods-SmartFM-resources.sh\"\n";
			showEnvVarsInLog = 0;
		};
		B0845079259582BE337E9A5F /* [CP] Check Pods Manifest.lock */ = {
			isa = PBXShellScriptBuildPhase;
			buildActionMask = 2147483647;
			files = (
			);
			inputFileListPaths = (
			);
			inputPaths = (
				"${PODS_PODFILE_DIR_PATH}/Podfile.lock",
				"${PODS_ROOT}/Manifest.lock",
			);
			name = "[CP] Check Pods Manifest.lock";
			outputFileListPaths = (
			);
			outputPaths = (
				"$(DERIVED_FILE_DIR)/Pods-SmartFM-checkManifestLockResult.txt",
			);
			runOnlyForDeploymentPostprocessing = 0;
			shellPath = /bin/sh;
			shellScript = "diff \"${PODS_PODFILE_DIR_PATH}/Podfile.lock\" \"${PODS_ROOT}/Manifest.lock\" > /dev/null\nif [ $? != 0 ] ; then\n    # print error to STDERR\n    echo \"error: The sandbox is not in sync with the Podfile.lock. Run 'pod install' or update your CocoaPods installation.\" >&2\n    exit 1\nfi\n# This output is used by Xcode 'outputs' to avoid re-running this script phase.\necho \"SUCCESS\" > \"${SCRIPT_OUTPUT_FILE_0}\"\n";
			showEnvVarsInLog = 0;
		};
/* End PBXShellScriptBuildPhase section */

/* Begin PBXSourcesBuildPhase section */
		4D0A8DBD2ADBB38D00EFDF9D /* Sources */ = {
			isa = PBXSourcesBuildPhase;
			buildActionMask = 2147483647;
			files = (
				4D0A8DC72ADBB38D00EFDF9D /* ContentView.swift in Sources */,
				4D0A8DC52ADBB38D00EFDF9D /* SmartFMApp.swift in Sources */,
			);
			runOnlyForDeploymentPostprocessing = 0;
		};
/* End PBXSourcesBuildPhase section */

/* Begin XCBuildConfiguration section */
		4D0A8DCD2ADBB38F00EFDF9D /* Debug */ = {
			isa = XCBuildConfiguration;
			buildSettings = {
				ALWAYS_SEARCH_USER_PATHS = NO;
				ASSETCATALOG_COMPILER_GENERATE_SWIFT_ASSET_SYMBOL_EXTENSIONS = YES;
				CLANG_ANALYZER_NONNULL = YES;
				CLANG_ANALYZER_NUMBER_OBJECT_CONVERSION = YES_AGGRESSIVE;
				CLANG_CXX_LANGUAGE_STANDARD = "gnu++20";
				CLANG_ENABLE_MODULES = YES;
				CLANG_ENABLE_OBJC_ARC = YES;
				CLANG_ENABLE_OBJC_WEAK = YES;
				CLANG_WARN_BLOCK_CAPTURE_AUTORELEASING = YES;
				CLANG_WARN_BOOL_CONVERSION = YES;
				CLANG_WARN_COMMA = YES;
				CLANG_WARN_CONSTANT_CONVERSION = YES;
				CLANG_WARN_DEPRECATED_OBJC_IMPLEMENTATIONS = YES;
				CLANG_WARN_DIRECT_OBJC_ISA_USAGE = YES_ERROR;
				CLANG_WARN_DOCUMENTATION_COMMENTS = YES;
				CLANG_WARN_EMPTY_BODY = YES;
				CLANG_WARN_ENUM_CONVERSION = YES;
				CLANG_WARN_INFINITE_RECURSION = YES;
				CLANG_WARN_INT_CONVERSION = YES;
				CLANG_WARN_NON_LITERAL_NULL_CONVERSION = YES;
				CLANG_WARN_OBJC_IMPLICIT_RETAIN_SELF = YES;
				CLANG_WARN_OBJC_LITERAL_CONVERSION = YES;
				CLANG_WARN_OBJC_ROOT_CLASS = YES_ERROR;
				CLANG_WARN_QUOTED_INCLUDE_IN_FRAMEWORK_HEADER = YES;
				CLANG_WARN_RANGE_LOOP_ANALYSIS = YES;
				CLANG_WARN_STRICT_PROTOTYPES = YES;
				CLANG_WARN_SUSPICIOUS_MOVE = YES;
				CLANG_WARN_UNGUARDED_AVAILABILITY = YES_AGGRESSIVE;
				CLANG_WARN_UNREACHABLE_CODE = YES;
				CLANG_WARN__DUPLICATE_METHOD_MATCH = YES;
				COPY_PHASE_STRIP = NO;
				DEBUG_INFORMATION_FORMAT = dwarf;
				ENABLE_STRICT_OBJC_MSGSEND = YES;
				ENABLE_TESTABILITY = YES;
				ENABLE_USER_SCRIPT_SANDBOXING = YES;
				GCC_C_LANGUAGE_STANDARD = gnu17;
				GCC_DYNAMIC_NO_PIC = NO;
				GCC_NO_COMMON_BLOCKS = YES;
				GCC_OPTIMIZATION_LEVEL = 0;
				GCC_PREPROCESSOR_DEFINITIONS = (
					"DEBUG=1",
					"$(inherited)",
				);
				GCC_WARN_64_TO_32_BIT_CONVERSION = YES;
				GCC_WARN_ABOUT_RETURN_TYPE = YES_ERROR;
				GCC_WARN_UNDECLARED_SELECTOR = YES;
				GCC_WARN_UNINITIALIZED_AUTOS = YES_AGGRESSIVE;
				GCC_WARN_UNUSED_FUNCTION = YES;
				GCC_WARN_UNUSED_VARIABLE = YES;
				INFOPLIST_KEY_NSLocalNetworkUsageDescription = "";
				INFOPLIST_KEY_NSLocationAlwaysUsageDescription = "";
				IPHONEOS_DEPLOYMENT_TARGET = 14.1;
				LOCALIZATION_PREFERS_STRING_CATALOGS = YES;
				MTL_ENABLE_DEBUG_INFO = INCLUDE_SOURCE;
				MTL_FAST_MATH = YES;
				ONLY_ACTIVE_ARCH = YES;
				SDKROOT = iphoneos;
				SWIFT_ACTIVE_COMPILATION_CONDITIONS = "DEBUG $(inherited)";
				SWIFT_OPTIMIZATION_LEVEL = "-Onone";
			};
			name = Debug;
		};
		4D0A8DCE2ADBB38F00EFDF9D /* Release */ = {
			isa = XCBuildConfiguration;
			buildSettings = {
				ALWAYS_SEARCH_USER_PATHS = NO;
				ASSETCATALOG_COMPILER_GENERATE_SWIFT_ASSET_SYMBOL_EXTENSIONS = YES;
				CLANG_ANALYZER_NONNULL = YES;
				CLANG_ANALYZER_NUMBER_OBJECT_CONVERSION = YES_AGGRESSIVE;
				CLANG_CXX_LANGUAGE_STANDARD = "gnu++20";
				CLANG_ENABLE_MODULES = YES;
				CLANG_ENABLE_OBJC_ARC = YES;
				CLANG_ENABLE_OBJC_WEAK = YES;
				CLANG_WARN_BLOCK_CAPTURE_AUTORELEASING = YES;
				CLANG_WARN_BOOL_CONVERSION = YES;
				CLANG_WARN_COMMA = YES;
				CLANG_WARN_CONSTANT_CONVERSION = YES;
				CLANG_WARN_DEPRECATED_OBJC_IMPLEMENTATIONS = YES;
				CLANG_WARN_DIRECT_OBJC_ISA_USAGE = YES_ERROR;
				CLANG_WARN_DOCUMENTATION_COMMENTS = YES;
				CLANG_WARN_EMPTY_BODY = YES;
				CLANG_WARN_ENUM_CONVERSION = YES;
				CLANG_WARN_INFINITE_RECURSION = YES;
				CLANG_WARN_INT_CONVERSION = YES;
				CLANG_WARN_NON_LITERAL_NULL_CONVERSION = YES;
				CLANG_WARN_OBJC_IMPLICIT_RETAIN_SELF = YES;
				CLANG_WARN_OBJC_LITERAL_CONVERSION = YES;
				CLANG_WARN_OBJC_ROOT_CLASS = YES_ERROR;
				CLANG_WARN_QUOTED_INCLUDE_IN_FRAMEWORK_HEADER = YES;
				CLANG_WARN_RANGE_LOOP_ANALYSIS = YES;
				CLANG_WARN_STRICT_PROTOTYPES = YES;
				CLANG_WARN_SUSPICIOUS_MOVE = YES;
				CLANG_WARN_UNGUARDED_AVAILABILITY = YES_AGGRESSIVE;
				CLANG_WARN_UNREACHABLE_CODE = YES;
				CLANG_WARN__DUPLICATE_METHOD_MATCH = YES;
				COPY_PHASE_STRIP = NO;
				DEBUG_INFORMATION_FORMAT = "dwarf-with-dsym";
				ENABLE_NS_ASSERTIONS = NO;
				ENABLE_STRICT_OBJC_MSGSEND = YES;
				ENABLE_USER_SCRIPT_SANDBOXING = YES;
				GCC_C_LANGUAGE_STANDARD = gnu17;
				GCC_NO_COMMON_BLOCKS = YES;
				GCC_WARN_64_TO_32_BIT_CONVERSION = YES;
				GCC_WARN_ABOUT_RETURN_TYPE = YES_ERROR;
				GCC_WARN_UNDECLARED_SELECTOR = YES;
				GCC_WARN_UNINITIALIZED_AUTOS = YES_AGGRESSIVE;
				GCC_WARN_UNUSED_FUNCTION = YES;
				GCC_WARN_UNUSED_VARIABLE = YES;
				INFOPLIST_KEY_NSLocalNetworkUsageDescription = "";
				IPHONEOS_DEPLOYMENT_TARGET = 14.1;
				LOCALIZATION_PREFERS_STRING_CATALOGS = YES;
				MTL_ENABLE_DEBUG_INFO = NO;
				MTL_FAST_MATH = YES;
				SDKROOT = iphoneos;
				SWIFT_COMPILATION_MODE = wholemodule;
				VALIDATE_PRODUCT = YES;
			};
			name = Release;
		};
		4D0A8DD02ADBB38F00EFDF9D /* Debug */ = {
			isa = XCBuildConfiguration;
			baseConfigurationReference = 3A48B5FD2D92190C5C741986 /* Pods-SmartFM.debug.xcconfig */;
			buildSettings = {
				ASSETCATALOG_COMPILER_APPICON_NAME = AppIcon;
				ASSETCATALOG_COMPILER_GLOBAL_ACCENT_COLOR_NAME = AccentColor;
				CODE_SIGN_STYLE = Automatic;
				CURRENT_PROJECT_VERSION = 1;
				DEVELOPMENT_ASSET_PATHS = "\"SmartFM/Preview Content\"";
				DEVELOPMENT_TEAM = 429T53TL6G;
				ENABLE_PREVIEWS = YES;
				GENERATE_INFOPLIST_FILE = YES;
				INFOPLIST_KEY_CFBundleDisplayName = "Smart FM";
				INFOPLIST_KEY_LSApplicationCategoryType = "public.app-category.business";
				INFOPLIST_KEY_UIApplicationSceneManifest_Generation = YES;
				INFOPLIST_KEY_UIApplicationSupportsIndirectInputEvents = YES;
				INFOPLIST_KEY_UILaunchScreen_Generation = YES;
				INFOPLIST_KEY_UISupportedInterfaceOrientations = UIInterfaceOrientationPortrait;
				INFOPLIST_KEY_UISupportedInterfaceOrientations_iPad = "UIInterfaceOrientationLandscapeLeft UIInterfaceOrientationLandscapeRight UIInterfaceOrientationPortrait UIInterfaceOrientationPortraitUpsideDown";
				IPHONEOS_DEPLOYMENT_TARGET = 14.1;
				LD_RUNPATH_SEARCH_PATHS = (
					"$(inherited)",
					"@executable_path/Frameworks",
				);
				MARKETING_VERSION = 1.0;
				PRODUCT_BUNDLE_IDENTIFIER = ismartfacitech.SmartFM;
				PRODUCT_NAME = "$(TARGET_NAME)";
				SUPPORTED_PLATFORMS = "iphoneos iphonesimulator";
				SUPPORTS_MACCATALYST = NO;
				SUPPORTS_MAC_DESIGNED_FOR_IPHONE_IPAD = NO;
				SWIFT_EMIT_LOC_STRINGS = YES;
				SWIFT_VERSION = 5.0;
				TARGETED_DEVICE_FAMILY = 1;
			};
			name = Debug;
		};
		4D0A8DD12ADBB38F00EFDF9D /* Release */ = {
			isa = XCBuildConfiguration;
			baseConfigurationReference = 5B1537FBF3BD4829D9262AA8 /* Pods-SmartFM.release.xcconfig */;
			buildSettings = {
				ASSETCATALOG_COMPILER_APPICON_NAME = AppIcon;
				ASSETCATALOG_COMPILER_GLOBAL_ACCENT_COLOR_NAME = AccentColor;
				CODE_SIGN_STYLE = Automatic;
				CURRENT_PROJECT_VERSION = 1;
				DEVELOPMENT_ASSET_PATHS = "\"SmartFM/Preview Content\"";
				DEVELOPMENT_TEAM = 429T53TL6G;
				ENABLE_PREVIEWS = YES;
				GENERATE_INFOPLIST_FILE = YES;
				INFOPLIST_KEY_CFBundleDisplayName = "Smart FM";
				INFOPLIST_KEY_LSApplicationCategoryType = "public.app-category.business";
				INFOPLIST_KEY_UIApplicationSceneManifest_Generation = YES;
				INFOPLIST_KEY_UIApplicationSupportsIndirectInputEvents = YES;
				INFOPLIST_KEY_UILaunchScreen_Generation = YES;
				INFOPLIST_KEY_UISupportedInterfaceOrientations = UIInterfaceOrientationPortrait;
				INFOPLIST_KEY_UISupportedInterfaceOrientations_iPad = "UIInterfaceOrientationLandscapeLeft UIInterfaceOrientationLandscapeRight UIInterfaceOrientationPortrait UIInterfaceOrientationPortraitUpsideDown";
				IPHONEOS_DEPLOYMENT_TARGET = 14.1;
				LD_RUNPATH_SEARCH_PATHS = (
					"$(inherited)",
					"@executable_path/Frameworks",
				);
				MARKETING_VERSION = 1.0;
				PRODUCT_BUNDLE_IDENTIFIER = ismartfacitech.SmartFM;
				PRODUCT_NAME = "$(TARGET_NAME)";
				SUPPORTED_PLATFORMS = "iphoneos iphonesimulator";
				SUPPORTS_MACCATALYST = NO;
				SUPPORTS_MAC_DESIGNED_FOR_IPHONE_IPAD = NO;
				SWIFT_EMIT_LOC_STRINGS = YES;
				SWIFT_VERSION = 5.0;
				TARGETED_DEVICE_FAMILY = 1;
			};
			name = Release;
		};
/* End XCBuildConfiguration section */

/* Begin XCConfigurationList section */
		4D0A8DBC2ADBB38D00EFDF9D /* Build configuration list for PBXProject "SmartFM" */ = {
			isa = XCConfigurationList;
			buildConfigurations = (
				4D0A8DCD2ADBB38F00EFDF9D /* Debug */,
				4D0A8DCE2ADBB38F00EFDF9D /* Release */,
			);
			defaultConfigurationIsVisible = 0;
			defaultConfigurationName = Release;
		};
		4D0A8DCF2ADBB38F00EFDF9D /* Build configuration list for PBXNativeTarget "SmartFM" */ = {
			isa = XCConfigurationList;
			buildConfigurations = (
				4D0A8DD02ADBB38F00EFDF9D /* Debug */,
				4D0A8DD12ADBB38F00EFDF9D /* Release */,
			);
			defaultConfigurationIsVisible = 0;
			defaultConfigurationName = Release;
		};
/* End XCConfigurationList section */
	};
	rootObject = 4D0A8DB92ADBB38D00EFDF9D /* Project object */;
}
